<?xml version="1.0" encoding="utf-8"?>
<Project ToolsVersion="14.0" xmlns="http://schemas.microsoft.com/developer/msbuild/2003">
  <ItemGroup>
    <Filter Include="Common">
      <UniqueIdentifier>98e552fa-8a1c-4916-b63b-ffa88936248c</UniqueIdentifier>
    </Filter>
    <Filter Include="Assets">
      <UniqueIdentifier>947a3328-b966-463a-b8e4-5f9045ca7499</UniqueIdentifier>
      <Extensions>bmp;fbx;gif;jpg;jpeg;tga;tiff;tif;png</Extensions>
    </Filter>
    <Image Include="Assets\Logo.scale-100.png">
      <Filter>Assets</Filter>
    </Image>
    <Image Include="Assets\SmallLogo.scale-100.png">
      <Filter>Assets</Filter>
    </Image>
    <Image Include="Assets\StoreLogo.scale-100.png">
      <Filter>Assets</Filter>
    </Image>
    <Image Include="Assets\SplashScreen.scale-100.png">
      <Filter>Assets</Filter>
    </Image>
    <Image Include="Assets\WideLogo.scale-100.png">
      <Filter>Assets</Filter>
    </Image>
  </ItemGroup>
  <ItemGroup>
    <ClCompile Include="pch.cpp" />
    <ClCompile Include="StartupTask.cpp" />
  </ItemGroup>
  <ItemGroup>
    <ClInclude Include="pch.h" />
    <ClInclude Include="StartupTask.h" />
  </ItemGroup>
  <ItemGroup>
    <AppxManifest Include="Package.appxmanifest" />
  </ItemGroup>
  <ItemGroup>
    <None Include="pyuwpbackgroundservice_TemporaryKey.pfx" />
    <None Include="StartupTask.py" />
    <None Include="lib.zip" />
    <None Include="ExtensionScraper.py" />
    <None Include="BuiltinScraper.py" />
    <None Include="PythonScraper.py" />
  </ItemGroup>
  <ItemGroup>
    <Text Include="startupinfo.json" />
  </ItemGroup>
</Project>