
Microsoft Visual Studio Solution File, Format Version 12.00
# Visual Studio 14
VisualStudioVersion = 14.0.24720.0
MinimumVisualStudioVersion = 10.0.40219.1
Project("{8BC9CEB8-8B4A-11D0-8D11-00A0C91BC942}") = "_winrt", "_winrt\_winrt.vcxproj", "{7FD68D21-0C9C-40F0-9CAB-1722FD21C93D}"
EndProject
Project("{8BC9CEB8-8B4A-11D0-8D11-00A0C91BC942}") = "pythoncore", "..\..\cpython\PCbuild\uwp\pythoncore.vcxproj", "{91C36924-3E30-4482-BE39-4A780305C187}"
EndProject
Project("{8BC9CEB8-8B4A-11D0-8D11-00A0C91BC942}") = "_app_service", "_app_service\_app_service.vcxproj", "{1DA495F1-E72D-4901-83D8-6B0BE785C9EF}"
EndProject
Global
	GlobalSection(SolutionConfigurationPlatforms) = preSolution
		Debug|ARM = Debug|ARM
		Debug|x64 = Debug|x64
		Debug|x86 = Debug|x86
		Release|ARM = Release|ARM
		Release|x64 = Release|x64
		Release|x86 = Release|x86
	EndGlobalSection
	GlobalSection(ProjectConfigurationPlatforms) = postSolution
		{7FD68D21-0C9C-40F0-9CAB-1722FD21C93D}.Debug|ARM.ActiveCfg = Debug|ARM
		{7FD68D21-0C9C-40F0-9CAB-1722FD21C93D}.Debug|ARM.Build.0 = Debug|ARM
		{7FD68D21-0C9C-40F0-9CAB-1722FD21C93D}.Debug|x64.ActiveCfg = Debug|x64
		{7FD68D21-0C9C-40F0-9CAB-1722FD21C93D}.Debug|x64.Build.0 = Debug|x64
		{7FD68D21-0C9C-40F0-9CAB-1722FD21C93D}.Debug|x86.ActiveCfg = Debug|Win32
		{7FD68D21-0C9C-40F0-9CAB-1722FD21C93D}.Debug|x86.Build.0 = Debug|Win32
		{7FD68D21-0C9C-40F0-9CAB-1722FD21C93D}.Release|ARM.ActiveCfg = Release|ARM
		{7FD68D21-0C9C-40F0-9CAB-1722FD21C93D}.Release|ARM.Build.0 = Release|ARM
		{7FD68D21-0C9C-40F0-9CAB-1722FD21C93D}.Release|x64.ActiveCfg = Release|x64
		{7FD68D21-0C9C-40F0-9CAB-1722FD21C93D}.Release|x64.Build.0 = Release|x64
		{7FD68D21-0C9C-40F0-9CAB-1722FD21C93D}.Release|x86.ActiveCfg = Release|Win32
		{7FD68D21-0C9C-40F0-9CAB-1722FD21C93D}.Release|x86.Build.0 = Release|Win32
		{91C36924-3E30-4482-BE39-4A780305C187}.Debug|ARM.ActiveCfg = Debug|ARM
		{91C36924-3E30-4482-BE39-4A780305C187}.Debug|ARM.Build.0 = Debug|ARM
		{91C36924-3E30-4482-BE39-4A780305C187}.Debug|x64.ActiveCfg = Debug|x64
		{91C36924-3E30-4482-BE39-4A780305C187}.Debug|x64.Build.0 = Debug|x64
		{91C36924-3E30-4482-BE39-4A780305C187}.Debug|x86.ActiveCfg = Debug|Win32
		{91C36924-3E30-4482-BE39-4A780305C187}.Debug|x86.Build.0 = Debug|Win32
		{91C36924-3E30-4482-BE39-4A780305C187}.Release|ARM.ActiveCfg = Release|ARM
		{91C36924-3E30-4482-BE39-4A780305C187}.Release|ARM.Build.0 = Release|ARM
		{91C36924-3E30-4482-BE39-4A780305C187}.Release|x64.ActiveCfg = Release|x64
		{91C36924-3E30-4482-BE39-4A780305C187}.Release|x64.Build.0 = Release|x64
		{91C36924-3E30-4482-BE39-4A780305C187}.Release|x86.ActiveCfg = Release|Win32
		{91C36924-3E30-4482-BE39-4A780305C187}.Release|x86.Build.0 = Release|Win32
		{1DA495F1-E72D-4901-83D8-6B0BE785C9EF}.Debug|ARM.ActiveCfg = Debug|ARM
		{1DA495F1-E72D-4901-83D8-6B0BE785C9EF}.Debug|ARM.Build.0 = Debug|ARM
		{1DA495F1-E72D-4901-83D8-6B0BE785C9EF}.Debug|x64.ActiveCfg = Debug|x64
		{1DA495F1-E72D-4901-83D8-6B0BE785C9EF}.Debug|x64.Build.0 = Debug|x64
		{1DA495F1-E72D-4901-83D8-6B0BE785C9EF}.Debug|x86.ActiveCfg = Debug|Win32
		{1DA495F1-E72D-4901-83D8-6B0BE785C9EF}.Debug|x86.Build.0 = Debug|Win32
		{1DA495F1-E72D-4901-83D8-6B0BE785C9EF}.Release|ARM.ActiveCfg = Release|ARM
		{1DA495F1-E72D-4901-83D8-6B0BE785C9EF}.Release|ARM.Build.0 = Release|ARM
		{1DA495F1-E72D-4901-83D8-6B0BE785C9EF}.Release|x64.ActiveCfg = Release|x64
		{1DA495F1-E72D-4901-83D8-6B0BE785C9EF}.Release|x64.Build.0 = Release|x64
		{1DA495F1-E72D-4901-83D8-6B0BE785C9EF}.Release|x86.ActiveCfg = Release|Win32
		{1DA495F1-E72D-4901-83D8-6B0BE785C9EF}.Release|x86.Build.0 = Release|Win32
	EndGlobalSection
	GlobalSection(SolutionProperties) = preSolution
		HideSolutionNode = FALSE
	EndGlobalSection
EndGlobal
